// !$*UTF8*$!
{
	archiveVersion = 1;
	classes = {
	};
	objectVersion = 52;
	objects = {

/* Begin PBXBuildFile section */
		F01047E826B9517200CAFD1C /* DefaultCoordinator.swift in Sources */ = {isa = PBXBuildFile; fileRef = F01047E726B9517200CAFD1C /* DefaultCoordinator.swift */; };
		F01047ED26B953AA00CAFD1C /* OnboardingCoordinator.swift in Sources */ = {isa = PBXBuildFile; fileRef = F01047EC26B953AA00CAFD1C /* OnboardingCoordinator.swift */; };
		F02B37E126B35B7400746BE7 /* LoginView.swift in Sources */ = {isa = PBXBuildFile; fileRef = F02B37E026B35B7400746BE7 /* LoginView.swift */; };
		F02CA85A270525C90026CAAB /* PostgREST in Frameworks */ = {isa = PBXBuildFile; productRef = F02CA859270525C90026CAAB /* PostgREST */; };
		F0496C4526C28C6100F53F89 /* CardProminent.swift in Sources */ = {isa = PBXBuildFile; fileRef = F0496C4426C28C6100F53F89 /* CardProminent.swift */; };
		F093BB0525ADFF6200AAB77F /* AppDelegate.swift in Sources */ = {isa = PBXBuildFile; fileRef = F093BB0425ADFF6200AAB77F /* AppDelegate.swift */; };
		F093BB0725ADFF6200AAB77F /* SceneDelegate.swift in Sources */ = {isa = PBXBuildFile; fileRef = F093BB0625ADFF6200AAB77F /* SceneDelegate.swift */; };
		F093BB0925ADFF6200AAB77F /* ContentView.swift in Sources */ = {isa = PBXBuildFile; fileRef = F093BB0825ADFF6200AAB77F /* ContentView.swift */; };
		F093BB0B25ADFF6300AAB77F /* Assets.xcassets in Resources */ = {isa = PBXBuildFile; fileRef = F093BB0A25ADFF6300AAB77F /* Assets.xcassets */; };
		F093BB0E25ADFF6300AAB77F /* Preview Assets.xcassets in Resources */ = {isa = PBXBuildFile; fileRef = F093BB0D25ADFF6300AAB77F /* Preview Assets.xcassets */; };
		F093BB1125ADFF6300AAB77F /* LaunchScreen.storyboard in Resources */ = {isa = PBXBuildFile; fileRef = F093BB0F25ADFF6300AAB77F /* LaunchScreen.storyboard */; };
		F0D9CAB526E7A2C5000DE38A /* Secret.swift in Sources */ = {isa = PBXBuildFile; fileRef = F0D9CAB426E7A2C5000DE38A /* Secret.swift */; };
		F0D9CAB726E7A38D000DE38A /* AppSecret.swift in Sources */ = {isa = PBXBuildFile; fileRef = F0D9CAB626E7A38D000DE38A /* AppSecret.swift */; };
		F0EE26142703C5C3003DE929 /* Stinsen in Frameworks */ = {isa = PBXBuildFile; productRef = F0EE26132703C5C3003DE929 /* Stinsen */; };
		F0EE26162703D1F0003DE929 /* HomeCoordinator.swift in Sources */ = {isa = PBXBuildFile; fileRef = F0EE26152703D1F0003DE929 /* HomeCoordinator.swift */; };
		F0FEF91C26E937A80029AF7B /* ApiService.swift in Sources */ = {isa = PBXBuildFile; fileRef = F0FEF91B26E937A80029AF7B /* ApiService.swift */; };
/* End PBXBuildFile section */

/* Begin PBXCopyFilesBuildPhase section */
		F01047F126B95A3600CAFD1C /* Embed Frameworks */ = {
			isa = PBXCopyFilesBuildPhase;
			buildActionMask = 2147483647;
			dstPath = "";
			dstSubfolderSpec = 10;
			files = (
			);
			name = "Embed Frameworks";
			runOnlyForDeploymentPostprocessing = 0;
		};
/* End PBXCopyFilesBuildPhase section */

/* Begin PBXFileReference section */
		F01047E726B9517200CAFD1C /* DefaultCoordinator.swift */ = {isa = PBXFileReference; lastKnownFileType = sourcecode.swift; path = DefaultCoordinator.swift; sourceTree = "<group>"; };
		F01047EC26B953AA00CAFD1C /* OnboardingCoordinator.swift */ = {isa = PBXFileReference; lastKnownFileType = sourcecode.swift; path = OnboardingCoordinator.swift; sourceTree = "<group>"; };
		F02B37E026B35B7400746BE7 /* LoginView.swift */ = {isa = PBXFileReference; lastKnownFileType = sourcecode.swift; path = LoginView.swift; sourceTree = "<group>"; };
		F0496C4426C28C6100F53F89 /* CardProminent.swift */ = {isa = PBXFileReference; lastKnownFileType = sourcecode.swift; path = CardProminent.swift; sourceTree = "<group>"; };
		F093BB0125ADFF6200AAB77F /* Paperback.app */ = {isa = PBXFileReference; explicitFileType = wrapper.application; includeInIndex = 0; path = Paperback.app; sourceTree = BUILT_PRODUCTS_DIR; };
		F093BB0425ADFF6200AAB77F /* AppDelegate.swift */ = {isa = PBXFileReference; lastKnownFileType = sourcecode.swift; path = AppDelegate.swift; sourceTree = "<group>"; };
		F093BB0625ADFF6200AAB77F /* SceneDelegate.swift */ = {isa = PBXFileReference; lastKnownFileType = sourcecode.swift; path = SceneDelegate.swift; sourceTree = "<group>"; };
		F093BB0825ADFF6200AAB77F /* ContentView.swift */ = {isa = PBXFileReference; lastKnownFileType = sourcecode.swift; path = ContentView.swift; sourceTree = "<group>"; };
		F093BB0A25ADFF6300AAB77F /* Assets.xcassets */ = {isa = PBXFileReference; lastKnownFileType = folder.assetcatalog; path = Assets.xcassets; sourceTree = "<group>"; };
		F093BB0D25ADFF6300AAB77F /* Preview Assets.xcassets */ = {isa = PBXFileReference; lastKnownFileType = folder.assetcatalog; path = "Preview Assets.xcassets"; sourceTree = "<group>"; };
		F093BB1025ADFF6300AAB77F /* Base */ = {isa = PBXFileReference; lastKnownFileType = file.storyboard; name = Base; path = Base.lproj/LaunchScreen.storyboard; sourceTree = "<group>"; };
		F093BB1225ADFF6300AAB77F /* Info.plist */ = {isa = PBXFileReference; lastKnownFileType = text.plist.xml; path = Info.plist; sourceTree = "<group>"; };
		F0D9CAB426E7A2C5000DE38A /* Secret.swift */ = {isa = PBXFileReference; lastKnownFileType = sourcecode.swift; path = Secret.swift; sourceTree = "<group>"; };
		F0D9CAB626E7A38D000DE38A /* AppSecret.swift */ = {isa = PBXFileReference; lastKnownFileType = sourcecode.swift; path = AppSecret.swift; sourceTree = "<group>"; };
		F0EE26152703D1F0003DE929 /* HomeCoordinator.swift */ = {isa = PBXFileReference; lastKnownFileType = sourcecode.swift; path = HomeCoordinator.swift; sourceTree = "<group>"; };
		F0FEF91B26E937A80029AF7B /* ApiService.swift */ = {isa = PBXFileReference; lastKnownFileType = sourcecode.swift; path = ApiService.swift; sourceTree = "<group>"; };
/* End PBXFileReference section */

/* Begin PBXFrameworksBuildPhase section */
		F093BAFE25ADFF6200AAB77F /* Frameworks */ = {
			isa = PBXFrameworksBuildPhase;
			buildActionMask = 2147483647;
			files = (
				F02CA85A270525C90026CAAB /* PostgREST in Frameworks */,
				F0EE26142703C5C3003DE929 /* Stinsen in Frameworks */,
			);
			runOnlyForDeploymentPostprocessing = 0;
		};
/* End PBXFrameworksBuildPhase section */

/* Begin PBXGroup section */
		F01047E926B951FA00CAFD1C /* Frameworks */ = {
			isa = PBXGroup;
			children = (
			);
			name = Frameworks;
			sourceTree = "<group>";
		};
		F093BAF825ADFF6200AAB77F = {
			isa = PBXGroup;
			children = (
				F093BB0325ADFF6200AAB77F /* Paperback */,
				F093BB0225ADFF6200AAB77F /* Products */,
				F01047E926B951FA00CAFD1C /* Frameworks */,
			);
			sourceTree = "<group>";
		};
		F093BB0225ADFF6200AAB77F /* Products */ = {
			isa = PBXGroup;
			children = (
				F093BB0125ADFF6200AAB77F /* Paperback.app */,
			);
			name = Products;
			sourceTree = "<group>";
		};
		F093BB0325ADFF6200AAB77F /* Paperback */ = {
			isa = PBXGroup;
			children = (
				F0FEF91A26E9378A0029AF7B /* Services */,
				F093BB0425ADFF6200AAB77F /* AppDelegate.swift */,
				F093BB0625ADFF6200AAB77F /* SceneDelegate.swift */,
				F093BB0825ADFF6200AAB77F /* ContentView.swift */,
				F093BB0A25ADFF6300AAB77F /* Assets.xcassets */,
				F093BB0F25ADFF6300AAB77F /* LaunchScreen.storyboard */,
				F093BB1225ADFF6300AAB77F /* Info.plist */,
				F093BB0C25ADFF6300AAB77F /* Preview Content */,
				F02B37E026B35B7400746BE7 /* LoginView.swift */,
				F01047E726B9517200CAFD1C /* DefaultCoordinator.swift */,
				F01047EC26B953AA00CAFD1C /* OnboardingCoordinator.swift */,
				F0496C4426C28C6100F53F89 /* CardProminent.swift */,
				F0D9CAB426E7A2C5000DE38A /* Secret.swift */,
				F0D9CAB626E7A38D000DE38A /* AppSecret.swift */,
				F0EE26152703D1F0003DE929 /* HomeCoordinator.swift */,
			);
			path = Paperback;
			sourceTree = "<group>";
		};
		F093BB0C25ADFF6300AAB77F /* Preview Content */ = {
			isa = PBXGroup;
			children = (
				F093BB0D25ADFF6300AAB77F /* Preview Assets.xcassets */,
			);
			path = "Preview Content";
			sourceTree = "<group>";
		};
		F0FEF91A26E9378A0029AF7B /* Services */ = {
			isa = PBXGroup;
			children = (
				F0FEF91B26E937A80029AF7B /* ApiService.swift */,
			);
			path = Services;
			sourceTree = "<group>";
		};
/* End PBXGroup section */

/* Begin PBXNativeTarget section */
		F093BB0025ADFF6200AAB77F /* Paperback */ = {
			isa = PBXNativeTarget;
			buildConfigurationList = F093BB1525ADFF6300AAB77F /* Build configuration list for PBXNativeTarget "Paperback" */;
			buildPhases = (
				F093BAFD25ADFF6200AAB77F /* Sources */,
				F093BAFE25ADFF6200AAB77F /* Frameworks */,
				F093BAFF25ADFF6200AAB77F /* Resources */,
				F01047F126B95A3600CAFD1C /* Embed Frameworks */,
			);
			buildRules = (
			);
			dependencies = (
			);
			name = Paperback;
			packageProductDependencies = (
				F0EE26132703C5C3003DE929 /* Stinsen */,
				F02CA859270525C90026CAAB /* PostgREST */,
			);
			productName = Paperback;
			productReference = F093BB0125ADFF6200AAB77F /* Paperback.app */;
			productType = "com.apple.product-type.application";
		};
/* End PBXNativeTarget section */

/* Begin PBXProject section */
		F093BAF925ADFF6200AAB77F /* Project object */ = {
			isa = PBXProject;
			attributes = {
				LastSwiftUpdateCheck = 1230;
				LastUpgradeCheck = 1230;
				TargetAttributes = {
					F093BB0025ADFF6200AAB77F = {
						CreatedOnToolsVersion = 12.3;
					};
				};
			};
			buildConfigurationList = F093BAFC25ADFF6200AAB77F /* Build configuration list for PBXProject "Paperback" */;
			compatibilityVersion = "Xcode 9.3";
			developmentRegion = en;
			hasScannedForEncodings = 0;
			knownRegions = (
				en,
				Base,
			);
			mainGroup = F093BAF825ADFF6200AAB77F;
			packageReferences = (
				F0EE26122703C5C3003DE929 /* XCRemoteSwiftPackageReference "stinsen" */,
				F02CA858270525C90026CAAB /* XCRemoteSwiftPackageReference "postgrest-swift" */,
			);
			productRefGroup = F093BB0225ADFF6200AAB77F /* Products */;
			projectDirPath = "";
			projectRoot = "";
			targets = (
				F093BB0025ADFF6200AAB77F /* Paperback */,
			);
		};
/* End PBXProject section */

/* Begin PBXResourcesBuildPhase section */
		F093BAFF25ADFF6200AAB77F /* Resources */ = {
			isa = PBXResourcesBuildPhase;
			buildActionMask = 2147483647;
			files = (
				F093BB1125ADFF6300AAB77F /* LaunchScreen.storyboard in Resources */,
				F093BB0E25ADFF6300AAB77F /* Preview Assets.xcassets in Resources */,
				F093BB0B25ADFF6300AAB77F /* Assets.xcassets in Resources */,
			);
			runOnlyForDeploymentPostprocessing = 0;
		};
/* End PBXResourcesBuildPhase section */

/* Begin PBXSourcesBuildPhase section */
		F093BAFD25ADFF6200AAB77F /* Sources */ = {
			isa = PBXSourcesBuildPhase;
			buildActionMask = 2147483647;
			files = (
				F0D9CAB526E7A2C5000DE38A /* Secret.swift in Sources */,
				F093BB0525ADFF6200AAB77F /* AppDelegate.swift in Sources */,
				F0EE26162703D1F0003DE929 /* HomeCoordinator.swift in Sources */,
				F01047ED26B953AA00CAFD1C /* OnboardingCoordinator.swift in Sources */,
				F093BB0725ADFF6200AAB77F /* SceneDelegate.swift in Sources */,
				F0FEF91C26E937A80029AF7B /* ApiService.swift in Sources */,
				F0D9CAB726E7A38D000DE38A /* AppSecret.swift in Sources */,
				F0496C4526C28C6100F53F89 /* CardProminent.swift in Sources */,
				F01047E826B9517200CAFD1C /* DefaultCoordinator.swift in Sources */,
				F093BB0925ADFF6200AAB77F /* ContentView.swift in Sources */,
				F02B37E126B35B7400746BE7 /* LoginView.swift in Sources */,
			);
			runOnlyForDeploymentPostprocessing = 0;
		};
/* End PBXSourcesBuildPhase section */

/* Begin PBXVariantGroup section */
		F093BB0F25ADFF6300AAB77F /* LaunchScreen.storyboard */ = {
			isa = PBXVariantGroup;
			children = (
				F093BB1025ADFF6300AAB77F /* Base */,
			);
			name = LaunchScreen.storyboard;
			sourceTree = "<group>";
		};
/* End PBXVariantGroup section */

/* Begin XCBuildConfiguration section */
		F093BB1325ADFF6300AAB77F /* Debug */ = {
			isa = XCBuildConfiguration;
			buildSettings = {
				ALWAYS_SEARCH_USER_PATHS = NO;
				CLANG_ANALYZER_NONNULL = YES;
				CLANG_ANALYZER_NUMBER_OBJECT_CONVERSION = YES_AGGRESSIVE;
				CLANG_CXX_LANGUAGE_STANDARD = "gnu++14";
				CLANG_CXX_LIBRARY = "libc++";
				CLANG_ENABLE_MODULES = YES;
				CLANG_ENABLE_OBJC_ARC = YES;
				CLANG_ENABLE_OBJC_WEAK = YES;
				CLANG_WARN_BLOCK_CAPTURE_AUTORELEASING = YES;
				CLANG_WARN_BOOL_CONVERSION = YES;
				CLANG_WARN_COMMA = YES;
				CLANG_WARN_CONSTANT_CONVERSION = YES;
				CLANG_WARN_DEPRECATED_OBJC_IMPLEMENTATIONS = YES;
				CLANG_WARN_DIRECT_OBJC_ISA_USAGE = YES_ERROR;
				CLANG_WARN_DOCUMENTATION_COMMENTS = YES;
				CLANG_WARN_EMPTY_BODY = YES;
				CLANG_WARN_ENUM_CONVERSION = YES;
				CLANG_WARN_INFINITE_RECURSION = YES;
				CLANG_WARN_INT_CONVERSION = YES;
				CLANG_WARN_NON_LITERAL_NULL_CONVERSION = YES;
				CLANG_WARN_OBJC_IMPLICIT_RETAIN_SELF = YES;
				CLANG_WARN_OBJC_LITERAL_CONVERSION = YES;
				CLANG_WARN_OBJC_ROOT_CLASS = YES_ERROR;
				CLANG_WARN_QUOTED_INCLUDE_IN_FRAMEWORK_HEADER = YES;
				CLANG_WARN_RANGE_LOOP_ANALYSIS = YES;
				CLANG_WARN_STRICT_PROTOTYPES = YES;
				CLANG_WARN_SUSPICIOUS_MOVE = YES;
				CLANG_WARN_UNGUARDED_AVAILABILITY = YES_AGGRESSIVE;
				CLANG_WARN_UNREACHABLE_CODE = YES;
				CLANG_WARN__DUPLICATE_METHOD_MATCH = YES;
				COPY_PHASE_STRIP = NO;
				DEBUG_INFORMATION_FORMAT = dwarf;
				ENABLE_STRICT_OBJC_MSGSEND = YES;
				ENABLE_TESTABILITY = YES;
				GCC_C_LANGUAGE_STANDARD = gnu11;
				GCC_DYNAMIC_NO_PIC = NO;
				GCC_NO_COMMON_BLOCKS = YES;
				GCC_OPTIMIZATION_LEVEL = 0;
				GCC_PREPROCESSOR_DEFINITIONS = (
					"DEBUG=1",
					"$(inherited)",
				);
				GCC_WARN_64_TO_32_BIT_CONVERSION = YES;
				GCC_WARN_ABOUT_RETURN_TYPE = YES_ERROR;
				GCC_WARN_UNDECLARED_SELECTOR = YES;
				GCC_WARN_UNINITIALIZED_AUTOS = YES_AGGRESSIVE;
				GCC_WARN_UNUSED_FUNCTION = YES;
				GCC_WARN_UNUSED_VARIABLE = YES;
				IPHONEOS_DEPLOYMENT_TARGET = 15.0;
				MTL_ENABLE_DEBUG_INFO = INCLUDE_SOURCE;
				MTL_FAST_MATH = YES;
				ONLY_ACTIVE_ARCH = YES;
				SDKROOT = iphoneos;
				SWIFT_ACTIVE_COMPILATION_CONDITIONS = DEBUG;
				SWIFT_OPTIMIZATION_LEVEL = "-Onone";
			};
			name = Debug;
		};
		F093BB1425ADFF6300AAB77F /* Release */ = {
			isa = XCBuildConfiguration;
			buildSettings = {
				ALWAYS_SEARCH_USER_PATHS = NO;
				CLANG_ANALYZER_NONNULL = YES;
				CLANG_ANALYZER_NUMBER_OBJECT_CONVERSION = YES_AGGRESSIVE;
				CLANG_CXX_LANGUAGE_STANDARD = "gnu++14";
				CLANG_CXX_LIBRARY = "libc++";
				CLANG_ENABLE_MODULES = YES;
				CLANG_ENABLE_OBJC_ARC = YES;
				CLANG_ENABLE_OBJC_WEAK = YES;
				CLANG_WARN_BLOCK_CAPTURE_AUTORELEASING = YES;
				CLANG_WARN_BOOL_CONVERSION = YES;
				CLANG_WARN_COMMA = YES;
				CLANG_WARN_CONSTANT_CONVERSION = YES;
				CLANG_WARN_DEPRECATED_OBJC_IMPLEMENTATIONS = YES;
				CLANG_WARN_DIRECT_OBJC_ISA_USAGE = YES_ERROR;
				CLANG_WARN_DOCUMENTATION_COMMENTS = YES;
				CLANG_WARN_EMPTY_BODY = YES;
				CLANG_WARN_ENUM_CONVERSION = YES;
				CLANG_WARN_INFINITE_RECURSION = YES;
				CLANG_WARN_INT_CONVERSION = YES;
				CLANG_WARN_NON_LITERAL_NULL_CONVERSION = YES;
				CLANG_WARN_OBJC_IMPLICIT_RETAIN_SELF = YES;
				CLANG_WARN_OBJC_LITERAL_CONVERSION = YES;
				CLANG_WARN_OBJC_ROOT_CLASS = YES_ERROR;
				CLANG_WARN_QUOTED_INCLUDE_IN_FRAMEWORK_HEADER = YES;
				CLANG_WARN_RANGE_LOOP_ANALYSIS = YES;
				CLANG_WARN_STRICT_PROTOTYPES = YES;
				CLANG_WARN_SUSPICIOUS_MOVE = YES;
				CLANG_WARN_UNGUARDED_AVAILABILITY = YES_AGGRESSIVE;
				CLANG_WARN_UNREACHABLE_CODE = YES;
				CLANG_WARN__DUPLICATE_METHOD_MATCH = YES;
				COPY_PHASE_STRIP = NO;
				DEBUG_INFORMATION_FORMAT = "dwarf-with-dsym";
				ENABLE_NS_ASSERTIONS = NO;
				ENABLE_STRICT_OBJC_MSGSEND = YES;
				GCC_C_LANGUAGE_STANDARD = gnu11;
				GCC_NO_COMMON_BLOCKS = YES;
				GCC_WARN_64_TO_32_BIT_CONVERSION = YES;
				GCC_WARN_ABOUT_RETURN_TYPE = YES_ERROR;
				GCC_WARN_UNDECLARED_SELECTOR = YES;
				GCC_WARN_UNINITIALIZED_AUTOS = YES_AGGRESSIVE;
				GCC_WARN_UNUSED_FUNCTION = YES;
				GCC_WARN_UNUSED_VARIABLE = YES;
				IPHONEOS_DEPLOYMENT_TARGET = 15.0;
				MTL_ENABLE_DEBUG_INFO = NO;
				MTL_FAST_MATH = YES;
				SDKROOT = iphoneos;
				SWIFT_COMPILATION_MODE = wholemodule;
				SWIFT_OPTIMIZATION_LEVEL = "-O";
				VALIDATE_PRODUCT = YES;
			};
			name = Release;
		};
		F093BB1625ADFF6300AAB77F /* Debug */ = {
			isa = XCBuildConfiguration;
			buildSettings = {
				ASSETCATALOG_COMPILER_APPICON_NAME = AppIcon;
				ASSETCATALOG_COMPILER_GLOBAL_ACCENT_COLOR_NAME = AccentColor;
				CODE_SIGN_STYLE = Automatic;
				DEVELOPMENT_ASSET_PATHS = "\"Paperback/Preview Content\"";
				DEVELOPMENT_TEAM = G94YBLPX8A;
				ENABLE_PREVIEWS = YES;
				INFOPLIST_FILE = Paperback/Info.plist;
				LD_RUNPATH_SEARCH_PATHS = (
					"$(inherited)",
					"@executable_path/Frameworks",
				);
				PRODUCT_BUNDLE_IDENTIFIER = dev.etino.Paperback;
				PRODUCT_NAME = "$(TARGET_NAME)";
				SWIFT_VERSION = 5.0;
				TARGETED_DEVICE_FAMILY = "1,2";
			};
			name = Debug;
		};
		F093BB1725ADFF6300AAB77F /* Release */ = {
			isa = XCBuildConfiguration;
			buildSettings = {
				ASSETCATALOG_COMPILER_APPICON_NAME = AppIcon;
				ASSETCATALOG_COMPILER_GLOBAL_ACCENT_COLOR_NAME = AccentColor;
				CODE_SIGN_STYLE = Automatic;
				DEVELOPMENT_ASSET_PATHS = "\"Paperback/Preview Content\"";
				DEVELOPMENT_TEAM = G94YBLPX8A;
				ENABLE_PREVIEWS = YES;
				INFOPLIST_FILE = Paperback/Info.plist;
				LD_RUNPATH_SEARCH_PATHS = (
					"$(inherited)",
					"@executable_path/Frameworks",
				);
				PRODUCT_BUNDLE_IDENTIFIER = dev.etino.Paperback;
				PRODUCT_NAME = "$(TARGET_NAME)";
				SWIFT_VERSION = 5.0;
				TARGETED_DEVICE_FAMILY = "1,2";
			};
			name = Release;
		};
/* End XCBuildConfiguration section */

/* Begin XCConfigurationList section */
		F093BAFC25ADFF6200AAB77F /* Build configuration list for PBXProject "Paperback" */ = {
			isa = XCConfigurationList;
			buildConfigurations = (
				F093BB1325ADFF6300AAB77F /* Debug */,
				F093BB1425ADFF6300AAB77F /* Release */,
			);
			defaultConfigurationIsVisible = 0;
			defaultConfigurationName = Release;
		};
		F093BB1525ADFF6300AAB77F /* Build configuration list for PBXNativeTarget "Paperback" */ = {
			isa = XCConfigurationList;
			buildConfigurations = (
				F093BB1625ADFF6300AAB77F /* Debug */,
				F093BB1725ADFF6300AAB77F /* Release */,
			);
			defaultConfigurationIsVisible = 0;
			defaultConfigurationName = Release;
		};
/* End XCConfigurationList section */

/* Begin XCRemoteSwiftPackageReference section */
		F02CA858270525C90026CAAB /* XCRemoteSwiftPackageReference "postgrest-swift" */ = {
			isa = XCRemoteSwiftPackageReference;
			repositoryURL = "https://github.com/supabase-community/postgrest-swift";
			requirement = {
				branch = master;
				kind = branch;
			};
		};
		F0EE26122703C5C3003DE929 /* XCRemoteSwiftPackageReference "stinsen" */ = {
			isa = XCRemoteSwiftPackageReference;
			repositoryURL = "https://github.com/rundfunk47/stinsen";
			requirement = {
				branch = master;
				kind = branch;
			};
		};
/* End XCRemoteSwiftPackageReference section */

/* Begin XCSwiftPackageProductDependency section */
		F02CA859270525C90026CAAB /* PostgREST */ = {
			isa = XCSwiftPackageProductDependency;
			package = F02CA858270525C90026CAAB /* XCRemoteSwiftPackageReference "postgrest-swift" */;
			productName = PostgREST;
		};
		F0EE26132703C5C3003DE929 /* Stinsen */ = {
			isa = XCSwiftPackageProductDependency;
			package = F0EE26122703C5C3003DE929 /* XCRemoteSwiftPackageReference "stinsen" */;
			productName = Stinsen;
		};
/* End XCSwiftPackageProductDependency section */
	};
	rootObject = F093BAF925ADFF6200AAB77F /* Project object */;
}
